
Microsoft Visual Studio Solution File, Format Version 12.00
# Visual Studio Version 17
VisualStudioVersion = 17.5.33502.453
MinimumVisualStudioVersion = 10.0.40219.1
Project("{FAE04EC0-301F-11D3-BF4B-00C04F79EFBC}") = "Cagande_ReadingaFile", "Cagande_ReadingaFile\Cagande_ReadingaFile.csproj", "{14888DF6-C04B-4313-8D84-00F20A391C14}"
EndProject
Global
	GlobalSection(SolutionConfigurationPlatforms) = preSolution
		Debug|Any CPU = Debug|Any CPU
		Release|Any CPU = Release|Any CPU
	EndGlobalSection
	GlobalSection(ProjectConfigurationPlatforms) = postSolution
		{14888DF6-C04B-4313-8D84-00F20A391C14}.Debug|Any CPU.ActiveCfg = Debug|Any CPU
		{14888DF6-C04B-4313-8D84-00F20A391C14}.Debug|Any CPU.Build.0 = Debug|Any CPU
		{14888DF6-C04B-4313-8D84-00F20A391C14}.Release|Any CPU.ActiveCfg = Release|Any CPU
		{14888DF6-C04B-4313-8D84-00F20A391C14}.Release|Any CPU.Build.0 = Release|Any CPU
	EndGlobalSection
	GlobalSection(SolutionProperties) = preSolution
		HideSolutionNode = FALSE
	EndGlobalSection
	GlobalSection(ExtensibilityGlobals) = postSolution
		SolutionGuid = {86ADB4A5-6273-4D6F-B550-1195DA6B6659}
	EndGlobalSection
EndGlobal
